// !$*UTF8*$!
{
	archiveVersion = 1;
	classes = {
	};
	objectVersion = 51;
	objects = {

/* Begin PBXBuildFile section */
		17562F1D4EEC21EAADC9C9C5 /* Pods_01_HelloRxSwift.framework in Frameworks */ = {isa = PBXBuildFile; fileRef = FF9B4BEAE7DA0D6C32C14A5E /* Pods_01_HelloRxSwift.framework */; };
		2713EBB0247D952900CF4A55 /* AppDelegate.swift in Sources */ = {isa = PBXBuildFile; fileRef = 2713EBAF247D952900CF4A55 /* AppDelegate.swift */; };
		2713EBB2247D952900CF4A55 /* SceneDelegate.swift in Sources */ = {isa = PBXBuildFile; fileRef = 2713EBB1247D952900CF4A55 /* SceneDelegate.swift */; };
		2713EBB4247D952900CF4A55 /* ViewController.swift in Sources */ = {isa = PBXBuildFile; fileRef = 2713EBB3247D952900CF4A55 /* ViewController.swift */; };
		2713EBB7247D952900CF4A55 /* Main.storyboard in Resources */ = {isa = PBXBuildFile; fileRef = 2713EBB5247D952900CF4A55 /* Main.storyboard */; };
		2713EBB9247D952C00CF4A55 /* Assets.xcassets in Resources */ = {isa = PBXBuildFile; fileRef = 2713EBB8247D952C00CF4A55 /* Assets.xcassets */; };
		2713EBBC247D952C00CF4A55 /* LaunchScreen.storyboard in Resources */ = {isa = PBXBuildFile; fileRef = 2713EBBA247D952C00CF4A55 /* LaunchScreen.storyboard */; };
/* End PBXBuildFile section */

/* Begin PBXFileReference section */
		2713EBAC247D952900CF4A55 /* 01_HelloRxSwift.app */ = {isa = PBXFileReference; explicitFileType = wrapper.application; includeInIndex = 0; path = 01_HelloRxSwift.app; sourceTree = BUILT_PRODUCTS_DIR; };
		2713EBAF247D952900CF4A55 /* AppDelegate.swift */ = {isa = PBXFileReference; lastKnownFileType = sourcecode.swift; path = AppDelegate.swift; sourceTree = "<group>"; };
		2713EBB1247D952900CF4A55 /* SceneDelegate.swift */ = {isa = PBXFileReference; lastKnownFileType = sourcecode.swift; path = SceneDelegate.swift; sourceTree = "<group>"; };
		2713EBB3247D952900CF4A55 /* ViewController.swift */ = {isa = PBXFileReference; lastKnownFileType = sourcecode.swift; path = ViewController.swift; sourceTree = "<group>"; };
		2713EBB6247D952900CF4A55 /* Base */ = {isa = PBXFileReference; lastKnownFileType = file.storyboard; name = Base; path = Base.lproj/Main.storyboard; sourceTree = "<group>"; };
		2713EBB8247D952C00CF4A55 /* Assets.xcassets */ = {isa = PBXFileReference; lastKnownFileType = folder.assetcatalog; path = Assets.xcassets; sourceTree = "<group>"; };
		2713EBBB247D952C00CF4A55 /* Base */ = {isa = PBXFileReference; lastKnownFileType = file.storyboard; name = Base; path = Base.lproj/LaunchScreen.storyboard; sourceTree = "<group>"; };
		2713EBBD247D952C00CF4A55 /* Info.plist */ = {isa = PBXFileReference; lastKnownFileType = text.plist.xml; path = Info.plist; sourceTree = "<group>"; };
		2713EBC3247D971600CF4A55 /* ObservableSubjectsPG.playground */ = {isa = PBXFileReference; lastKnownFileType = file.playground; path = ObservableSubjectsPG.playground; sourceTree = "<group>"; xcLanguageSpecificationIdentifier = xcode.lang.swift; };
		27D2D795247E8FC40057CEBC /* FilteringPG.playground */ = {isa = PBXFileReference; lastKnownFileType = file.playground; path = FilteringPG.playground; sourceTree = "<group>"; xcLanguageSpecificationIdentifier = xcode.lang.swift; };
		46717F55B2BE6E6841AAB33C /* Pods-01_HelloRxSwift.release.xcconfig */ = {isa = PBXFileReference; includeInIndex = 1; lastKnownFileType = text.xcconfig; name = "Pods-01_HelloRxSwift.release.xcconfig"; path = "Target Support Files/Pods-01_HelloRxSwift/Pods-01_HelloRxSwift.release.xcconfig"; sourceTree = "<group>"; };
		862F7C6D6DC93230C43A540F /* Pods-01_HelloRxSwift.debug.xcconfig */ = {isa = PBXFileReference; includeInIndex = 1; lastKnownFileType = text.xcconfig; name = "Pods-01_HelloRxSwift.debug.xcconfig"; path = "Target Support Files/Pods-01_HelloRxSwift/Pods-01_HelloRxSwift.debug.xcconfig"; sourceTree = "<group>"; };
		FF9B4BEAE7DA0D6C32C14A5E /* Pods_01_HelloRxSwift.framework */ = {isa = PBXFileReference; explicitFileType = wrapper.framework; includeInIndex = 0; path = Pods_01_HelloRxSwift.framework; sourceTree = BUILT_PRODUCTS_DIR; };
/* End PBXFileReference section */

/* Begin PBXFrameworksBuildPhase section */
		2713EBA9247D952900CF4A55 /* Frameworks */ = {
			isa = PBXFrameworksBuildPhase;
			buildActionMask = 2147483647;
			files = (
				17562F1D4EEC21EAADC9C9C5 /* Pods_01_HelloRxSwift.framework in Frameworks */,
			);
			runOnlyForDeploymentPostprocessing = 0;
		};
/* End PBXFrameworksBuildPhase section */

/* Begin PBXGroup section */
		2713EBA3247D952900CF4A55 = {
			isa = PBXGroup;
			children = (
				2713EBAE247D952900CF4A55 /* 01_HelloRxSwift */,
				2713EBAD247D952900CF4A55 /* Products */,
				DF95ECF7C8859B90A79814B7 /* Pods */,
				538C6FDFEDF4B636581922F7 /* Frameworks */,
			);
			sourceTree = "<group>";
		};
		2713EBAD247D952900CF4A55 /* Products */ = {
			isa = PBXGroup;
			children = (
				2713EBAC247D952900CF4A55 /* 01_HelloRxSwift.app */,
			);
			name = Products;
			sourceTree = "<group>";
		};
		2713EBAE247D952900CF4A55 /* 01_HelloRxSwift */ = {
			isa = PBXGroup;
			children = (
				27D2D795247E8FC40057CEBC /* FilteringPG.playground */,
				2713EBC3247D971600CF4A55 /* ObservableSubjectsPG.playground */,
				2713EBAF247D952900CF4A55 /* AppDelegate.swift */,
				2713EBB1247D952900CF4A55 /* SceneDelegate.swift */,
				2713EBB3247D952900CF4A55 /* ViewController.swift */,
				2713EBB5247D952900CF4A55 /* Main.storyboard */,
				2713EBB8247D952C00CF4A55 /* Assets.xcassets */,
				2713EBBA247D952C00CF4A55 /* LaunchScreen.storyboard */,
				2713EBBD247D952C00CF4A55 /* Info.plist */,
			);
			path = 01_HelloRxSwift;
			sourceTree = "<group>";
		};
		538C6FDFEDF4B636581922F7 /* Frameworks */ = {
			isa = PBXGroup;
			children = (
				FF9B4BEAE7DA0D6C32C14A5E /* Pods_01_HelloRxSwift.framework */,
			);
			name = Frameworks;
			sourceTree = "<group>";
		};
		DF95ECF7C8859B90A79814B7 /* Pods */ = {
			isa = PBXGroup;
			children = (
				862F7C6D6DC93230C43A540F /* Pods-01_HelloRxSwift.debug.xcconfig */,
				46717F55B2BE6E6841AAB33C /* Pods-01_HelloRxSwift.release.xcconfig */,
			);
			path = Pods;
			sourceTree = "<group>";
		};
/* End PBXGroup section */

/* Begin PBXNativeTarget section */
		2713EBAB247D952900CF4A55 /* 01_HelloRxSwift */ = {
			isa = PBXNativeTarget;
			buildConfigurationList = 2713EBC0247D952C00CF4A55 /* Build configuration list for PBXNativeTarget "01_HelloRxSwift" */;
			buildPhases = (
				BDCE30D8A19D5CA984E08E7D /* [CP] Check Pods Manifest.lock */,
				2713EBA8247D952900CF4A55 /* Sources */,
				2713EBA9247D952900CF4A55 /* Frameworks */,
				2713EBAA247D952900CF4A55 /* Resources */,
				D143760E8C93B9DF17385151 /* [CP] Embed Pods Frameworks */,
			);
			buildRules = (
			);
			dependencies = (
			);
			name = 01_HelloRxSwift;
			productName = 01_HelloRxSwift;
			productReference = 2713EBAC247D952900CF4A55 /* 01_HelloRxSwift.app */;
			productType = "com.apple.product-type.application";
		};
/* End PBXNativeTarget section */

/* Begin PBXProject section */
		2713EBA4247D952900CF4A55 /* Project object */ = {
			isa = PBXProject;
			attributes = {
				LastSwiftUpdateCheck = 1150;
				LastUpgradeCheck = 1150;
				ORGANIZATIONNAME = "Mikhail Dmitriev";
				TargetAttributes = {
					2713EBAB247D952900CF4A55 = {
						CreatedOnToolsVersion = 11.5;
					};
				};
			};
			buildConfigurationList = 2713EBA7247D952900CF4A55 /* Build configuration list for PBXProject "01_HelloRxSwift" */;
			compatibilityVersion = "Xcode 9.3";
			developmentRegion = en;
			hasScannedForEncodings = 0;
			knownRegions = (
				en,
				Base,
			);
			mainGroup = 2713EBA3247D952900CF4A55;
			productRefGroup = 2713EBAD247D952900CF4A55 /* Products */;
			projectDirPath = "";
			projectRoot = "";
			targets = (
				2713EBAB247D952900CF4A55 /* 01_HelloRxSwift */,
			);
		};
/* End PBXProject section */

/* Begin PBXResourcesBuildPhase section */
		2713EBAA247D952900CF4A55 /* Resources */ = {
			isa = PBXResourcesBuildPhase;
			buildActionMask = 2147483647;
			files = (
				2713EBBC247D952C00CF4A55 /* LaunchScreen.storyboard in Resources */,
				2713EBB9247D952C00CF4A55 /* Assets.xcassets in Resources */,
				2713EBB7247D952900CF4A55 /* Main.storyboard in Resources */,
			);
			runOnlyForDeploymentPostprocessing = 0;
		};
/* End PBXResourcesBuildPhase section */

/* Begin PBXShellScriptBuildPhase section */
		BDCE30D8A19D5CA984E08E7D /* [CP] Check Pods Manifest.lock */ = {
			isa = PBXShellScriptBuildPhase;
			buildActionMask = 2147483647;
			files = (
			);
			inputFileListPaths = (
			);
			inputPaths = (
				"${PODS_PODFILE_DIR_PATH}/Podfile.lock",
				"${PODS_ROOT}/Manifest.lock",
			);
			name = "[CP] Check Pods Manifest.lock";
			outputFileListPaths = (
			);
			outputPaths = (
				"$(DERIVED_FILE_DIR)/Pods-01_HelloRxSwift-checkManifestLockResult.txt",
			);
			runOnlyForDeploymentPostprocessing = 0;
			shellPath = /bin/sh;
			shellScript = "diff \"${PODS_PODFILE_DIR_PATH}/Podfile.lock\" \"${PODS_ROOT}/Manifest.lock\" > /dev/null\nif [ $? != 0 ] ; then\n    # print error to STDERR\n    echo \"error: The sandbox is not in sync with the Podfile.lock. Run 'pod install' or update your CocoaPods installation.\" >&2\n    exit 1\nfi\n# This output is used by Xcode 'outputs' to avoid re-running this script phase.\necho \"SUCCESS\" > \"${SCRIPT_OUTPUT_FILE_0}\"\n";
			showEnvVarsInLog = 0;
		};
		D143760E8C93B9DF17385151 /* [CP] Embed Pods Frameworks */ = {
			isa = PBXShellScriptBuildPhase;
			buildActionMask = 2147483647;
			files = (
			);
			inputFileListPaths = (
				"${PODS_ROOT}/Target Support Files/Pods-01_HelloRxSwift/Pods-01_HelloRxSwift-frameworks-${CONFIGURATION}-input-files.xcfilelist",
			);
			name = "[CP] Embed Pods Frameworks";
			outputFileListPaths = (
				"${PODS_ROOT}/Target Support Files/Pods-01_HelloRxSwift/Pods-01_HelloRxSwift-frameworks-${CONFIGURATION}-output-files.xcfilelist",
			);
			runOnlyForDeploymentPostprocessing = 0;
			shellPath = /bin/sh;
			shellScript = "\"${PODS_ROOT}/Target Support Files/Pods-01_HelloRxSwift/Pods-01_HelloRxSwift-frameworks.sh\"\n";
			showEnvVarsInLog = 0;
		};
/* End PBXShellScriptBuildPhase section */

/* Begin PBXSourcesBuildPhase section */
		2713EBA8247D952900CF4A55 /* Sources */ = {
			isa = PBXSourcesBuildPhase;
			buildActionMask = 2147483647;
			files = (
				2713EBB4247D952900CF4A55 /* ViewController.swift in Sources */,
				2713EBB0247D952900CF4A55 /* AppDelegate.swift in Sources */,
				2713EBB2247D952900CF4A55 /* SceneDelegate.swift in Sources */,
			);
			runOnlyForDeploymentPostprocessing = 0;
		};
/* End PBXSourcesBuildPhase section */

/* Begin PBXVariantGroup section */
		2713EBB5247D952900CF4A55 /* Main.storyboard */ = {
			isa = PBXVariantGroup;
			children = (
				2713EBB6247D952900CF4A55 /* Base */,
			);
			name = Main.storyboard;
			sourceTree = "<group>";
		};
		2713EBBA247D952C00CF4A55 /* LaunchScreen.storyboard */ = {
			isa = PBXVariantGroup;
			children = (
				2713EBBB247D952C00CF4A55 /* Base */,
			);
			name = LaunchScreen.storyboard;
			sourceTree = "<group>";
		};
/* End PBXVariantGroup section */

/* Begin XCBuildConfiguration section */
		2713EBBE247D952C00CF4A55 /* Debug */ = {
			isa = XCBuildConfiguration;
			buildSettings = {
				ALWAYS_SEARCH_USER_PATHS = NO;
				CLANG_ANALYZER_NONNULL = YES;
				CLANG_ANALYZER_NUMBER_OBJECT_CONVERSION = YES_AGGRESSIVE;
				CLANG_CXX_LANGUAGE_STANDARD = "gnu++14";
				CLANG_CXX_LIBRARY = "libc++";
				CLANG_ENABLE_MODULES = YES;
				CLANG_ENABLE_OBJC_ARC = YES;
				CLANG_ENABLE_OBJC_WEAK = YES;
				CLANG_WARN_BLOCK_CAPTURE_AUTORELEASING = YES;
				CLANG_WARN_BOOL_CONVERSION = YES;
				CLANG_WARN_COMMA = YES;
				CLANG_WARN_CONSTANT_CONVERSION = YES;
				CLANG_WARN_DEPRECATED_OBJC_IMPLEMENTATIONS = YES;
				CLANG_WARN_DIRECT_OBJC_ISA_USAGE = YES_ERROR;
				CLANG_WARN_DOCUMENTATION_COMMENTS = YES;
				CLANG_WARN_EMPTY_BODY = YES;
				CLANG_WARN_ENUM_CONVERSION = YES;
				CLANG_WARN_INFINITE_RECURSION = YES;
				CLANG_WARN_INT_CONVERSION = YES;
				CLANG_WARN_NON_LITERAL_NULL_CONVERSION = YES;
				CLANG_WARN_OBJC_IMPLICIT_RETAIN_SELF = YES;
				CLANG_WARN_OBJC_LITERAL_CONVERSION = YES;
				CLANG_WARN_OBJC_ROOT_CLASS = YES_ERROR;
				CLANG_WARN_RANGE_LOOP_ANALYSIS = YES;
				CLANG_WARN_STRICT_PROTOTYPES = YES;
				CLANG_WARN_SUSPICIOUS_MOVE = YES;
				CLANG_WARN_UNGUARDED_AVAILABILITY = YES_AGGRESSIVE;
				CLANG_WARN_UNREACHABLE_CODE = YES;
				CLANG_WARN__DUPLICATE_METHOD_MATCH = YES;
				COPY_PHASE_STRIP = NO;
				DEBUG_INFORMATION_FORMAT = dwarf;
				ENABLE_STRICT_OBJC_MSGSEND = YES;
				ENABLE_TESTABILITY = YES;
				GCC_C_LANGUAGE_STANDARD = gnu11;
				GCC_DYNAMIC_NO_PIC = NO;
				GCC_NO_COMMON_BLOCKS = YES;
				GCC_OPTIMIZATION_LEVEL = 0;
				GCC_PREPROCESSOR_DEFINITIONS = (
					"DEBUG=1",
					"$(inherited)",
				);
				GCC_WARN_64_TO_32_BIT_CONVERSION = YES;
				GCC_WARN_ABOUT_RETURN_TYPE = YES_ERROR;
				GCC_WARN_UNDECLARED_SELECTOR = YES;
				GCC_WARN_UNINITIALIZED_AUTOS = YES_AGGRESSIVE;
				GCC_WARN_UNUSED_FUNCTION = YES;
				GCC_WARN_UNUSED_VARIABLE = YES;
				IPHONEOS_DEPLOYMENT_TARGET = 13.5;
				MTL_ENABLE_DEBUG_INFO = INCLUDE_SOURCE;
				MTL_FAST_MATH = YES;
				ONLY_ACTIVE_ARCH = YES;
				SDKROOT = iphoneos;
				SWIFT_ACTIVE_COMPILATION_CONDITIONS = DEBUG;
				SWIFT_OPTIMIZATION_LEVEL = "-Onone";
			};
			name = Debug;
		};
		2713EBBF247D952C00CF4A55 /* Release */ = {
			isa = XCBuildConfiguration;
			buildSettings = {
				ALWAYS_SEARCH_USER_PATHS = NO;
				CLANG_ANALYZER_NONNULL = YES;
				CLANG_ANALYZER_NUMBER_OBJECT_CONVERSION = YES_AGGRESSIVE;
				CLANG_CXX_LANGUAGE_STANDARD = "gnu++14";
				CLANG_CXX_LIBRARY = "libc++";
				CLANG_ENABLE_MODULES = YES;
				CLANG_ENABLE_OBJC_ARC = YES;
				CLANG_ENABLE_OBJC_WEAK = YES;
				CLANG_WARN_BLOCK_CAPTURE_AUTORELEASING = YES;
				CLANG_WARN_BOOL_CONVERSION = YES;
				CLANG_WARN_COMMA = YES;
				CLANG_WARN_CONSTANT_CONVERSION = YES;
				CLANG_WARN_DEPRECATED_OBJC_IMPLEMENTATIONS = YES;
				CLANG_WARN_DIRECT_OBJC_ISA_USAGE = YES_ERROR;
				CLANG_WARN_DOCUMENTATION_COMMENTS = YES;
				CLANG_WARN_EMPTY_BODY = YES;
				CLANG_WARN_ENUM_CONVERSION = YES;
				CLANG_WARN_INFINITE_RECURSION = YES;
				CLANG_WARN_INT_CONVERSION = YES;
				CLANG_WARN_NON_LITERAL_NULL_CONVERSION = YES;
				CLANG_WARN_OBJC_IMPLICIT_RETAIN_SELF = YES;
				CLANG_WARN_OBJC_LITERAL_CONVERSION = YES;
				CLANG_WARN_OBJC_ROOT_CLASS = YES_ERROR;
				CLANG_WARN_RANGE_LOOP_ANALYSIS = YES;
				CLANG_WARN_STRICT_PROTOTYPES = YES;
				CLANG_WARN_SUSPICIOUS_MOVE = YES;
				CLANG_WARN_UNGUARDED_AVAILABILITY = YES_AGGRESSIVE;
				CLANG_WARN_UNREACHABLE_CODE = YES;
				CLANG_WARN__DUPLICATE_METHOD_MATCH = YES;
				COPY_PHASE_STRIP = NO;
				DEBUG_INFORMATION_FORMAT = "dwarf-with-dsym";
				ENABLE_NS_ASSERTIONS = NO;
				ENABLE_STRICT_OBJC_MSGSEND = YES;
				GCC_C_LANGUAGE_STANDARD = gnu11;
				GCC_NO_COMMON_BLOCKS = YES;
				GCC_WARN_64_TO_32_BIT_CONVERSION = YES;
				GCC_WARN_ABOUT_RETURN_TYPE = YES_ERROR;
				GCC_WARN_UNDECLARED_SELECTOR = YES;
				GCC_WARN_UNINITIALIZED_AUTOS = YES_AGGRESSIVE;
				GCC_WARN_UNUSED_FUNCTION = YES;
				GCC_WARN_UNUSED_VARIABLE = YES;
				IPHONEOS_DEPLOYMENT_TARGET = 13.5;
				MTL_ENABLE_DEBUG_INFO = NO;
				MTL_FAST_MATH = YES;
				SDKROOT = iphoneos;
				SWIFT_COMPILATION_MODE = wholemodule;
				SWIFT_OPTIMIZATION_LEVEL = "-O";
				VALIDATE_PRODUCT = YES;
			};
			name = Release;
		};
		2713EBC1247D952C00CF4A55 /* Debug */ = {
			isa = XCBuildConfiguration;
			baseConfigurationReference = 862F7C6D6DC93230C43A540F /* Pods-01_HelloRxSwift.debug.xcconfig */;
			buildSettings = {
				ASSETCATALOG_COMPILER_APPICON_NAME = AppIcon;
				CODE_SIGN_STYLE = Automatic;
				DEVELOPMENT_TEAM = BNVRX9T4P8;
				INFOPLIST_FILE = 01_HelloRxSwift/Info.plist;
				LD_RUNPATH_SEARCH_PATHS = (
					"$(inherited)",
					"@executable_path/Frameworks",
				);
				PRODUCT_BUNDLE_IDENTIFIER = "Mike-Dmitriev.-1-HelloRxSwift";
				PRODUCT_NAME = "$(TARGET_NAME)";
				SWIFT_VERSION = 5.0;
				TARGETED_DEVICE_FAMILY = "1,2";
			};
			name = Debug;
		};
		2713EBC2247D952C00CF4A55 /* Release */ = {
			isa = XCBuildConfiguration;
			baseConfigurationReference = 46717F55B2BE6E6841AAB33C /* Pods-01_HelloRxSwift.release.xcconfig */;
			buildSettings = {
				ASSETCATALOG_COMPILER_APPICON_NAME = AppIcon;
				CODE_SIGN_STYLE = Automatic;
				DEVELOPMENT_TEAM = BNVRX9T4P8;
				INFOPLIST_FILE = 01_HelloRxSwift/Info.plist;
				LD_RUNPATH_SEARCH_PATHS = (
					"$(inherited)",
					"@executable_path/Frameworks",
				);
				PRODUCT_BUNDLE_IDENTIFIER = "Mike-Dmitriev.-1-HelloRxSwift";
				PRODUCT_NAME = "$(TARGET_NAME)";
				SWIFT_VERSION = 5.0;
				TARGETED_DEVICE_FAMILY = "1,2";
			};
			name = Release;
		};
/* End XCBuildConfiguration section */

/* Begin XCConfigurationList section */
		2713EBA7247D952900CF4A55 /* Build configuration list for PBXProject "01_HelloRxSwift" */ = {
			isa = XCConfigurationList;
			buildConfigurations = (
				2713EBBE247D952C00CF4A55 /* Debug */,
				2713EBBF247D952C00CF4A55 /* Release */,
			);
			defaultConfigurationIsVisible = 0;
			defaultConfigurationName = Release;
		};
		2713EBC0247D952C00CF4A55 /* Build configuration list for PBXNativeTarget "01_HelloRxSwift" */ = {
			isa = XCConfigurationList;
			buildConfigurations = (
				2713EBC1247D952C00CF4A55 /* Debug */,
				2713EBC2247D952C00CF4A55 /* Release */,
			);
			defaultConfigurationIsVisible = 0;
			defaultConfigurationName = Release;
		};
/* End XCConfigurationList section */
	};
	rootObject = 2713EBA4247D952900CF4A55 /* Project object */;
}
