// !$*UTF8*$!
{
	archiveVersion = 1;
	classes = {
	};
	objectVersion = 50;
	objects = {

/* Begin PBXBuildFile section */
		279CBE12247E4F1E0095796A /* AppDelegate.swift in Sources */ = {isa = PBXBuildFile; fileRef = 279CBE11247E4F1E0095796A /* AppDelegate.swift */; };
		279CBE14247E4F1E0095796A /* SceneDelegate.swift in Sources */ = {isa = PBXBuildFile; fileRef = 279CBE13247E4F1E0095796A /* SceneDelegate.swift */; };
		279CBE16247E4F1E0095796A /* ViewController.swift in Sources */ = {isa = PBXBuildFile; fileRef = 279CBE15247E4F1E0095796A /* ViewController.swift */; };
		279CBE19247E4F1E0095796A /* Main.storyboard in Resources */ = {isa = PBXBuildFile; fileRef = 279CBE17247E4F1E0095796A /* Main.storyboard */; };
		279CBE1B247E4F240095796A /* Assets.xcassets in Resources */ = {isa = PBXBuildFile; fileRef = 279CBE1A247E4F240095796A /* Assets.xcassets */; };
		279CBE1E247E4F240095796A /* LaunchScreen.storyboard in Resources */ = {isa = PBXBuildFile; fileRef = 279CBE1C247E4F240095796A /* LaunchScreen.storyboard */; };
		279CBE26247E50160095796A /* PhotosCollectionViewController.swift in Sources */ = {isa = PBXBuildFile; fileRef = 279CBE25247E50160095796A /* PhotosCollectionViewController.swift */; };
		C24976909692B6E02DCDF7A2 /* Pods_02_CameraFilter.framework in Frameworks */ = {isa = PBXBuildFile; fileRef = 3B2E9091B087738831B3EAD5 /* Pods_02_CameraFilter.framework */; };
/* End PBXBuildFile section */

/* Begin PBXFileReference section */
		003D41CF987009D3E7F2982F /* Pods-02_CameraFilter.debug.xcconfig */ = {isa = PBXFileReference; includeInIndex = 1; lastKnownFileType = text.xcconfig; name = "Pods-02_CameraFilter.debug.xcconfig"; path = "Target Support Files/Pods-02_CameraFilter/Pods-02_CameraFilter.debug.xcconfig"; sourceTree = "<group>"; };
		24177C718B7B6E1224D08203 /* Pods-02_CameraFilter.release.xcconfig */ = {isa = PBXFileReference; includeInIndex = 1; lastKnownFileType = text.xcconfig; name = "Pods-02_CameraFilter.release.xcconfig"; path = "Target Support Files/Pods-02_CameraFilter/Pods-02_CameraFilter.release.xcconfig"; sourceTree = "<group>"; };
		279CBE0E247E4F1E0095796A /* 02_CameraFilter.app */ = {isa = PBXFileReference; explicitFileType = wrapper.application; includeInIndex = 0; path = 02_CameraFilter.app; sourceTree = BUILT_PRODUCTS_DIR; };
		279CBE11247E4F1E0095796A /* AppDelegate.swift */ = {isa = PBXFileReference; lastKnownFileType = sourcecode.swift; path = AppDelegate.swift; sourceTree = "<group>"; };
		279CBE13247E4F1E0095796A /* SceneDelegate.swift */ = {isa = PBXFileReference; lastKnownFileType = sourcecode.swift; path = SceneDelegate.swift; sourceTree = "<group>"; };
		279CBE15247E4F1E0095796A /* ViewController.swift */ = {isa = PBXFileReference; lastKnownFileType = sourcecode.swift; path = ViewController.swift; sourceTree = "<group>"; };
		279CBE18247E4F1E0095796A /* Base */ = {isa = PBXFileReference; lastKnownFileType = file.storyboard; name = Base; path = Base.lproj/Main.storyboard; sourceTree = "<group>"; };
		279CBE1A247E4F240095796A /* Assets.xcassets */ = {isa = PBXFileReference; lastKnownFileType = folder.assetcatalog; path = Assets.xcassets; sourceTree = "<group>"; };
		279CBE1D247E4F240095796A /* Base */ = {isa = PBXFileReference; lastKnownFileType = file.storyboard; name = Base; path = Base.lproj/LaunchScreen.storyboard; sourceTree = "<group>"; };
		279CBE1F247E4F240095796A /* Info.plist */ = {isa = PBXFileReference; lastKnownFileType = text.plist.xml; path = Info.plist; sourceTree = "<group>"; };
		279CBE25247E50160095796A /* PhotosCollectionViewController.swift */ = {isa = PBXFileReference; lastKnownFileType = sourcecode.swift; path = PhotosCollectionViewController.swift; sourceTree = "<group>"; };
		3B2E9091B087738831B3EAD5 /* Pods_02_CameraFilter.framework */ = {isa = PBXFileReference; explicitFileType = wrapper.framework; includeInIndex = 0; path = Pods_02_CameraFilter.framework; sourceTree = BUILT_PRODUCTS_DIR; };
/* End PBXFileReference section */

/* Begin PBXFrameworksBuildPhase section */
		279CBE0B247E4F1E0095796A /* Frameworks */ = {
			isa = PBXFrameworksBuildPhase;
			buildActionMask = 2147483647;
			files = (
				C24976909692B6E02DCDF7A2 /* Pods_02_CameraFilter.framework in Frameworks */,
			);
			runOnlyForDeploymentPostprocessing = 0;
		};
/* End PBXFrameworksBuildPhase section */

/* Begin PBXGroup section */
		279CBE05247E4F1E0095796A = {
			isa = PBXGroup;
			children = (
				279CBE10247E4F1E0095796A /* 02_CameraFilter */,
				279CBE0F247E4F1E0095796A /* Products */,
				E5987026A96B34ED73919D53 /* Pods */,
				BF9E5037435E961EB48055F0 /* Frameworks */,
			);
			sourceTree = "<group>";
		};
		279CBE0F247E4F1E0095796A /* Products */ = {
			isa = PBXGroup;
			children = (
				279CBE0E247E4F1E0095796A /* 02_CameraFilter.app */,
			);
			name = Products;
			sourceTree = "<group>";
		};
		279CBE10247E4F1E0095796A /* 02_CameraFilter */ = {
			isa = PBXGroup;
			children = (
				279CBE11247E4F1E0095796A /* AppDelegate.swift */,
				279CBE13247E4F1E0095796A /* SceneDelegate.swift */,
				279CBE15247E4F1E0095796A /* ViewController.swift */,
				279CBE17247E4F1E0095796A /* Main.storyboard */,
				279CBE1A247E4F240095796A /* Assets.xcassets */,
				279CBE1C247E4F240095796A /* LaunchScreen.storyboard */,
				279CBE1F247E4F240095796A /* Info.plist */,
				279CBE25247E50160095796A /* PhotosCollectionViewController.swift */,
			);
			path = 02_CameraFilter;
			sourceTree = "<group>";
		};
		BF9E5037435E961EB48055F0 /* Frameworks */ = {
			isa = PBXGroup;
			children = (
				3B2E9091B087738831B3EAD5 /* Pods_02_CameraFilter.framework */,
			);
			name = Frameworks;
			sourceTree = "<group>";
		};
		E5987026A96B34ED73919D53 /* Pods */ = {
			isa = PBXGroup;
			children = (
				003D41CF987009D3E7F2982F /* Pods-02_CameraFilter.debug.xcconfig */,
				24177C718B7B6E1224D08203 /* Pods-02_CameraFilter.release.xcconfig */,
			);
			name = Pods;
			path = Pods;
			sourceTree = "<group>";
		};
/* End PBXGroup section */

/* Begin PBXNativeTarget section */
		279CBE0D247E4F1E0095796A /* 02_CameraFilter */ = {
			isa = PBXNativeTarget;
			buildConfigurationList = 279CBE22247E4F240095796A /* Build configuration list for PBXNativeTarget "02_CameraFilter" */;
			buildPhases = (
				6BBADE94E0442E5BCFCFF752 /* [CP] Check Pods Manifest.lock */,
				279CBE0A247E4F1E0095796A /* Sources */,
				279CBE0B247E4F1E0095796A /* Frameworks */,
				279CBE0C247E4F1E0095796A /* Resources */,
				FCC4C0C30B0286F1DB9B9E3F /* [CP] Embed Pods Frameworks */,
			);
			buildRules = (
			);
			dependencies = (
			);
			name = 02_CameraFilter;
			productName = 02_CameraFilter;
			productReference = 279CBE0E247E4F1E0095796A /* 02_CameraFilter.app */;
			productType = "com.apple.product-type.application";
		};
/* End PBXNativeTarget section */

/* Begin PBXProject section */
		279CBE06247E4F1E0095796A /* Project object */ = {
			isa = PBXProject;
			attributes = {
				LastSwiftUpdateCheck = 1150;
				LastUpgradeCheck = 1150;
				ORGANIZATIONNAME = "Mikhail Dmitriev";
				TargetAttributes = {
					279CBE0D247E4F1E0095796A = {
						CreatedOnToolsVersion = 11.5;
					};
				};
			};
			buildConfigurationList = 279CBE09247E4F1E0095796A /* Build configuration list for PBXProject "02_CameraFilter" */;
			compatibilityVersion = "Xcode 9.3";
			developmentRegion = en;
			hasScannedForEncodings = 0;
			knownRegions = (
				en,
				Base,
			);
			mainGroup = 279CBE05247E4F1E0095796A;
			productRefGroup = 279CBE0F247E4F1E0095796A /* Products */;
			projectDirPath = "";
			projectRoot = "";
			targets = (
				279CBE0D247E4F1E0095796A /* 02_CameraFilter */,
			);
		};
/* End PBXProject section */

/* Begin PBXResourcesBuildPhase section */
		279CBE0C247E4F1E0095796A /* Resources */ = {
			isa = PBXResourcesBuildPhase;
			buildActionMask = 2147483647;
			files = (
				279CBE1E247E4F240095796A /* LaunchScreen.storyboard in Resources */,
				279CBE1B247E4F240095796A /* Assets.xcassets in Resources */,
				279CBE19247E4F1E0095796A /* Main.storyboard in Resources */,
			);
			runOnlyForDeploymentPostprocessing = 0;
		};
/* End PBXResourcesBuildPhase section */

/* Begin PBXShellScriptBuildPhase section */
		6BBADE94E0442E5BCFCFF752 /* [CP] Check Pods Manifest.lock */ = {
			isa = PBXShellScriptBuildPhase;
			buildActionMask = 2147483647;
			files = (
			);
			inputFileListPaths = (
			);
			inputPaths = (
				"${PODS_PODFILE_DIR_PATH}/Podfile.lock",
				"${PODS_ROOT}/Manifest.lock",
			);
			name = "[CP] Check Pods Manifest.lock";
			outputFileListPaths = (
			);
			outputPaths = (
				"$(DERIVED_FILE_DIR)/Pods-02_CameraFilter-checkManifestLockResult.txt",
			);
			runOnlyForDeploymentPostprocessing = 0;
			shellPath = /bin/sh;
			shellScript = "diff \"${PODS_PODFILE_DIR_PATH}/Podfile.lock\" \"${PODS_ROOT}/Manifest.lock\" > /dev/null\nif [ $? != 0 ] ; then\n    # print error to STDERR\n    echo \"error: The sandbox is not in sync with the Podfile.lock. Run 'pod install' or update your CocoaPods installation.\" >&2\n    exit 1\nfi\n# This output is used by Xcode 'outputs' to avoid re-running this script phase.\necho \"SUCCESS\" > \"${SCRIPT_OUTPUT_FILE_0}\"\n";
			showEnvVarsInLog = 0;
		};
		FCC4C0C30B0286F1DB9B9E3F /* [CP] Embed Pods Frameworks */ = {
			isa = PBXShellScriptBuildPhase;
			buildActionMask = 2147483647;
			files = (
			);
			inputFileListPaths = (
				"${PODS_ROOT}/Target Support Files/Pods-02_CameraFilter/Pods-02_CameraFilter-frameworks-${CONFIGURATION}-input-files.xcfilelist",
			);
			name = "[CP] Embed Pods Frameworks";
			outputFileListPaths = (
				"${PODS_ROOT}/Target Support Files/Pods-02_CameraFilter/Pods-02_CameraFilter-frameworks-${CONFIGURATION}-output-files.xcfilelist",
			);
			runOnlyForDeploymentPostprocessing = 0;
			shellPath = /bin/sh;
			shellScript = "\"${PODS_ROOT}/Target Support Files/Pods-02_CameraFilter/Pods-02_CameraFilter-frameworks.sh\"\n";
			showEnvVarsInLog = 0;
		};
/* End PBXShellScriptBuildPhase section */

/* Begin PBXSourcesBuildPhase section */
		279CBE0A247E4F1E0095796A /* Sources */ = {
			isa = PBXSourcesBuildPhase;
			buildActionMask = 2147483647;
			files = (
				279CBE16247E4F1E0095796A /* ViewController.swift in Sources */,
				279CBE12247E4F1E0095796A /* AppDelegate.swift in Sources */,
				279CBE14247E4F1E0095796A /* SceneDelegate.swift in Sources */,
				279CBE26247E50160095796A /* PhotosCollectionViewController.swift in Sources */,
			);
			runOnlyForDeploymentPostprocessing = 0;
		};
/* End PBXSourcesBuildPhase section */

/* Begin PBXVariantGroup section */
		279CBE17247E4F1E0095796A /* Main.storyboard */ = {
			isa = PBXVariantGroup;
			children = (
				279CBE18247E4F1E0095796A /* Base */,
			);
			name = Main.storyboard;
			sourceTree = "<group>";
		};
		279CBE1C247E4F240095796A /* LaunchScreen.storyboard */ = {
			isa = PBXVariantGroup;
			children = (
				279CBE1D247E4F240095796A /* Base */,
			);
			name = LaunchScreen.storyboard;
			sourceTree = "<group>";
		};
/* End PBXVariantGroup section */

/* Begin XCBuildConfiguration section */
		279CBE20247E4F240095796A /* Debug */ = {
			isa = XCBuildConfiguration;
			buildSettings = {
				ALWAYS_SEARCH_USER_PATHS = NO;
				CLANG_ANALYZER_NONNULL = YES;
				CLANG_ANALYZER_NUMBER_OBJECT_CONVERSION = YES_AGGRESSIVE;
				CLANG_CXX_LANGUAGE_STANDARD = "gnu++14";
				CLANG_CXX_LIBRARY = "libc++";
				CLANG_ENABLE_MODULES = YES;
				CLANG_ENABLE_OBJC_ARC = YES;
				CLANG_ENABLE_OBJC_WEAK = YES;
				CLANG_WARN_BLOCK_CAPTURE_AUTORELEASING = YES;
				CLANG_WARN_BOOL_CONVERSION = YES;
				CLANG_WARN_COMMA = YES;
				CLANG_WARN_CONSTANT_CONVERSION = YES;
				CLANG_WARN_DEPRECATED_OBJC_IMPLEMENTATIONS = YES;
				CLANG_WARN_DIRECT_OBJC_ISA_USAGE = YES_ERROR;
				CLANG_WARN_DOCUMENTATION_COMMENTS = YES;
				CLANG_WARN_EMPTY_BODY = YES;
				CLANG_WARN_ENUM_CONVERSION = YES;
				CLANG_WARN_INFINITE_RECURSION = YES;
				CLANG_WARN_INT_CONVERSION = YES;
				CLANG_WARN_NON_LITERAL_NULL_CONVERSION = YES;
				CLANG_WARN_OBJC_IMPLICIT_RETAIN_SELF = YES;
				CLANG_WARN_OBJC_LITERAL_CONVERSION = YES;
				CLANG_WARN_OBJC_ROOT_CLASS = YES_ERROR;
				CLANG_WARN_RANGE_LOOP_ANALYSIS = YES;
				CLANG_WARN_STRICT_PROTOTYPES = YES;
				CLANG_WARN_SUSPICIOUS_MOVE = YES;
				CLANG_WARN_UNGUARDED_AVAILABILITY = YES_AGGRESSIVE;
				CLANG_WARN_UNREACHABLE_CODE = YES;
				CLANG_WARN__DUPLICATE_METHOD_MATCH = YES;
				COPY_PHASE_STRIP = NO;
				DEBUG_INFORMATION_FORMAT = dwarf;
				ENABLE_STRICT_OBJC_MSGSEND = YES;
				ENABLE_TESTABILITY = YES;
				GCC_C_LANGUAGE_STANDARD = gnu11;
				GCC_DYNAMIC_NO_PIC = NO;
				GCC_NO_COMMON_BLOCKS = YES;
				GCC_OPTIMIZATION_LEVEL = 0;
				GCC_PREPROCESSOR_DEFINITIONS = (
					"DEBUG=1",
					"$(inherited)",
				);
				GCC_WARN_64_TO_32_BIT_CONVERSION = YES;
				GCC_WARN_ABOUT_RETURN_TYPE = YES_ERROR;
				GCC_WARN_UNDECLARED_SELECTOR = YES;
				GCC_WARN_UNINITIALIZED_AUTOS = YES_AGGRESSIVE;
				GCC_WARN_UNUSED_FUNCTION = YES;
				GCC_WARN_UNUSED_VARIABLE = YES;
				IPHONEOS_DEPLOYMENT_TARGET = 13.5;
				MTL_ENABLE_DEBUG_INFO = INCLUDE_SOURCE;
				MTL_FAST_MATH = YES;
				ONLY_ACTIVE_ARCH = YES;
				SDKROOT = iphoneos;
				SWIFT_ACTIVE_COMPILATION_CONDITIONS = DEBUG;
				SWIFT_OPTIMIZATION_LEVEL = "-Onone";
			};
			name = Debug;
		};
		279CBE21247E4F240095796A /* Release */ = {
			isa = XCBuildConfiguration;
			buildSettings = {
				ALWAYS_SEARCH_USER_PATHS = NO;
				CLANG_ANALYZER_NONNULL = YES;
				CLANG_ANALYZER_NUMBER_OBJECT_CONVERSION = YES_AGGRESSIVE;
				CLANG_CXX_LANGUAGE_STANDARD = "gnu++14";
				CLANG_CXX_LIBRARY = "libc++";
				CLANG_ENABLE_MODULES = YES;
				CLANG_ENABLE_OBJC_ARC = YES;
				CLANG_ENABLE_OBJC_WEAK = YES;
				CLANG_WARN_BLOCK_CAPTURE_AUTORELEASING = YES;
				CLANG_WARN_BOOL_CONVERSION = YES;
				CLANG_WARN_COMMA = YES;
				CLANG_WARN_CONSTANT_CONVERSION = YES;
				CLANG_WARN_DEPRECATED_OBJC_IMPLEMENTATIONS = YES;
				CLANG_WARN_DIRECT_OBJC_ISA_USAGE = YES_ERROR;
				CLANG_WARN_DOCUMENTATION_COMMENTS = YES;
				CLANG_WARN_EMPTY_BODY = YES;
				CLANG_WARN_ENUM_CONVERSION = YES;
				CLANG_WARN_INFINITE_RECURSION = YES;
				CLANG_WARN_INT_CONVERSION = YES;
				CLANG_WARN_NON_LITERAL_NULL_CONVERSION = YES;
				CLANG_WARN_OBJC_IMPLICIT_RETAIN_SELF = YES;
				CLANG_WARN_OBJC_LITERAL_CONVERSION = YES;
				CLANG_WARN_OBJC_ROOT_CLASS = YES_ERROR;
				CLANG_WARN_RANGE_LOOP_ANALYSIS = YES;
				CLANG_WARN_STRICT_PROTOTYPES = YES;
				CLANG_WARN_SUSPICIOUS_MOVE = YES;
				CLANG_WARN_UNGUARDED_AVAILABILITY = YES_AGGRESSIVE;
				CLANG_WARN_UNREACHABLE_CODE = YES;
				CLANG_WARN__DUPLICATE_METHOD_MATCH = YES;
				COPY_PHASE_STRIP = NO;
				DEBUG_INFORMATION_FORMAT = "dwarf-with-dsym";
				ENABLE_NS_ASSERTIONS = NO;
				ENABLE_STRICT_OBJC_MSGSEND = YES;
				GCC_C_LANGUAGE_STANDARD = gnu11;
				GCC_NO_COMMON_BLOCKS = YES;
				GCC_WARN_64_TO_32_BIT_CONVERSION = YES;
				GCC_WARN_ABOUT_RETURN_TYPE = YES_ERROR;
				GCC_WARN_UNDECLARED_SELECTOR = YES;
				GCC_WARN_UNINITIALIZED_AUTOS = YES_AGGRESSIVE;
				GCC_WARN_UNUSED_FUNCTION = YES;
				GCC_WARN_UNUSED_VARIABLE = YES;
				IPHONEOS_DEPLOYMENT_TARGET = 13.5;
				MTL_ENABLE_DEBUG_INFO = NO;
				MTL_FAST_MATH = YES;
				SDKROOT = iphoneos;
				SWIFT_COMPILATION_MODE = wholemodule;
				SWIFT_OPTIMIZATION_LEVEL = "-O";
				VALIDATE_PRODUCT = YES;
			};
			name = Release;
		};
		279CBE23247E4F240095796A /* Debug */ = {
			isa = XCBuildConfiguration;
			baseConfigurationReference = 003D41CF987009D3E7F2982F /* Pods-02_CameraFilter.debug.xcconfig */;
			buildSettings = {
				ASSETCATALOG_COMPILER_APPICON_NAME = AppIcon;
				CODE_SIGN_STYLE = Automatic;
				DEVELOPMENT_TEAM = BNVRX9T4P8;
				INFOPLIST_FILE = 02_CameraFilter/Info.plist;
				LD_RUNPATH_SEARCH_PATHS = (
					"$(inherited)",
					"@executable_path/Frameworks",
				);
				PRODUCT_BUNDLE_IDENTIFIER = "Mike-Dmitriev.-2-CameraFilter";
				PRODUCT_NAME = "$(TARGET_NAME)";
				SWIFT_VERSION = 5.0;
				TARGETED_DEVICE_FAMILY = "1,2";
			};
			name = Debug;
		};
		279CBE24247E4F240095796A /* Release */ = {
			isa = XCBuildConfiguration;
			baseConfigurationReference = 24177C718B7B6E1224D08203 /* Pods-02_CameraFilter.release.xcconfig */;
			buildSettings = {
				ASSETCATALOG_COMPILER_APPICON_NAME = AppIcon;
				CODE_SIGN_STYLE = Automatic;
				DEVELOPMENT_TEAM = BNVRX9T4P8;
				INFOPLIST_FILE = 02_CameraFilter/Info.plist;
				LD_RUNPATH_SEARCH_PATHS = (
					"$(inherited)",
					"@executable_path/Frameworks",
				);
				PRODUCT_BUNDLE_IDENTIFIER = "Mike-Dmitriev.-2-CameraFilter";
				PRODUCT_NAME = "$(TARGET_NAME)";
				SWIFT_VERSION = 5.0;
				TARGETED_DEVICE_FAMILY = "1,2";
			};
			name = Release;
		};
/* End XCBuildConfiguration section */

/* Begin XCConfigurationList section */
		279CBE09247E4F1E0095796A /* Build configuration list for PBXProject "02_CameraFilter" */ = {
			isa = XCConfigurationList;
			buildConfigurations = (
				279CBE20247E4F240095796A /* Debug */,
				279CBE21247E4F240095796A /* Release */,
			);
			defaultConfigurationIsVisible = 0;
			defaultConfigurationName = Release;
		};
		279CBE22247E4F240095796A /* Build configuration list for PBXNativeTarget "02_CameraFilter" */ = {
			isa = XCConfigurationList;
			buildConfigurations = (
				279CBE23247E4F240095796A /* Debug */,
				279CBE24247E4F240095796A /* Release */,
			);
			defaultConfigurationIsVisible = 0;
			defaultConfigurationName = Release;
		};
/* End XCConfigurationList section */
	};
	rootObject = 279CBE06247E4F1E0095796A /* Project object */;
}
